
Microsoft Visual Studio Solution File, Format Version 12.00
# Visual Studio Version 17
VisualStudioVersion = 17.3.32929.385
MinimumVisualStudioVersion = 10.0.40219.1
Project("{FAE04EC0-301F-11D3-BF4B-00C04F79EFBC}") = "EmployeeApp2", "EmployeeApp2.csproj", "{D1991C45-52B8-4E82-9D38-9612F9B3EC1E}"
EndProject
Global
	GlobalSection(SolutionConfigurationPlatforms) = preSolution
		Debug|Any CPU = Debug|Any CPU
		Release|Any CPU = Release|Any CPU
	EndGlobalSection
	GlobalSection(ProjectConfigurationPlatforms) = postSolution
		{D1991C45-52B8-4E82-9D38-9612F9B3EC1E}.Debug|Any CPU.ActiveCfg = Debug|Any CPU
		{D1991C45-52B8-4E82-9D38-9612F9B3EC1E}.Debug|Any CPU.Build.0 = Debug|Any CPU
		{D1991C45-52B8-4E82-9D38-9612F9B3EC1E}.Release|Any CPU.ActiveCfg = Release|Any CPU
		{D1991C45-52B8-4E82-9D38-9612F9B3EC1E}.Release|Any CPU.Build.0 = Release|Any CPU
	EndGlobalSection
	GlobalSection(SolutionProperties) = preSolution
		HideSolutionNode = FALSE
	EndGlobalSection
	GlobalSection(ExtensibilityGlobals) = postSolution
		SolutionGuid = {7E8BB00E-2607-445D-AAC2-35D3BD4252F5}
	EndGlobalSection
EndGlobal
