
Microsoft Visual Studio Solution File, Format Version 12.00
# Visual Studio Version 17
VisualStudioVersion = 17.3.32929.385
MinimumVisualStudioVersion = 10.0.40219.1
Project("{FAE04EC0-301F-11D3-BF4B-00C04F79EFBC}") = "WindowsFormsApp1", "WindowsFormsApp1.csproj", "{21811A4D-86DB-4FE2-B4B4-C0F5D51CDB14}"
EndProject
Global
	GlobalSection(SolutionConfigurationPlatforms) = preSolution
		Debug|Any CPU = Debug|Any CPU
		Release|Any CPU = Release|Any CPU
	EndGlobalSection
	GlobalSection(ProjectConfigurationPlatforms) = postSolution
		{21811A4D-86DB-4FE2-B4B4-C0F5D51CDB14}.Debug|Any CPU.ActiveCfg = Debug|Any CPU
		{21811A4D-86DB-4FE2-B4B4-C0F5D51CDB14}.Debug|Any CPU.Build.0 = Debug|Any CPU
		{21811A4D-86DB-4FE2-B4B4-C0F5D51CDB14}.Release|Any CPU.ActiveCfg = Release|Any CPU
		{21811A4D-86DB-4FE2-B4B4-C0F5D51CDB14}.Release|Any CPU.Build.0 = Release|Any CPU
	EndGlobalSection
	GlobalSection(SolutionProperties) = preSolution
		HideSolutionNode = FALSE
	EndGlobalSection
	GlobalSection(ExtensibilityGlobals) = postSolution
		SolutionGuid = {E11623C5-55CD-4FE2-8DCA-E9204841C9C1}
	EndGlobalSection
EndGlobal
