
Microsoft Visual Studio Solution File, Format Version 12.00
# Visual Studio Version 17
VisualStudioVersion = 17.3.32929.385
MinimumVisualStudioVersion = 10.0.40219.1
Project("{FAE04EC0-301F-11D3-BF4B-00C04F79EFBC}") = "CalculatorApp", "CalculatorApp\CalculatorApp.csproj", "{DD9373FA-2EE8-44BC-A6A3-E904733DBF69}"
EndProject
Global
	GlobalSection(SolutionConfigurationPlatforms) = preSolution
		Debug|Any CPU = Debug|Any CPU
		Release|Any CPU = Release|Any CPU
	EndGlobalSection
	GlobalSection(ProjectConfigurationPlatforms) = postSolution
		{DD9373FA-2EE8-44BC-A6A3-E904733DBF69}.Debug|Any CPU.ActiveCfg = Debug|Any CPU
		{DD9373FA-2EE8-44BC-A6A3-E904733DBF69}.Debug|Any CPU.Build.0 = Debug|Any CPU
		{DD9373FA-2EE8-44BC-A6A3-E904733DBF69}.Release|Any CPU.ActiveCfg = Release|Any CPU
		{DD9373FA-2EE8-44BC-A6A3-E904733DBF69}.Release|Any CPU.Build.0 = Release|Any CPU
	EndGlobalSection
	GlobalSection(SolutionProperties) = preSolution
		HideSolutionNode = FALSE
	EndGlobalSection
	GlobalSection(ExtensibilityGlobals) = postSolution
		SolutionGuid = {300C8BAC-0ED3-46CE-8E83-AB330676A8AE}
	EndGlobalSection
EndGlobal
