
Microsoft Visual Studio Solution File, Format Version 12.00
# Visual Studio Version 17
VisualStudioVersion = 17.3.32929.385
MinimumVisualStudioVersion = 10.0.40219.1
Project("{9A19103F-16F7-4668-BE54-9A1E7A4F7556}") = "RhombusApp)", "RhombusApp)\RhombusApp).csproj", "{0858693E-F1F6-4538-8C39-9C79BE64FCF7}"
EndProject
Project("{2150E333-8FDC-42A3-9474-1A3956D46DE8}") = "Solution Items", "Solution Items", "{605C35AA-BC02-4C6E-8765-23B3C9D11FF2}"
	ProjectSection(SolutionItems) = preProject
		.editorconfig = .editorconfig
	EndProjectSection
EndProject
Global
	GlobalSection(SolutionConfigurationPlatforms) = preSolution
		Debug|Any CPU = Debug|Any CPU
		Release|Any CPU = Release|Any CPU
	EndGlobalSection
	GlobalSection(ProjectConfigurationPlatforms) = postSolution
		{0858693E-F1F6-4538-8C39-9C79BE64FCF7}.Debug|Any CPU.ActiveCfg = Debug|Any CPU
		{0858693E-F1F6-4538-8C39-9C79BE64FCF7}.Debug|Any CPU.Build.0 = Debug|Any CPU
		{0858693E-F1F6-4538-8C39-9C79BE64FCF7}.Release|Any CPU.ActiveCfg = Release|Any CPU
		{0858693E-F1F6-4538-8C39-9C79BE64FCF7}.Release|Any CPU.Build.0 = Release|Any CPU
	EndGlobalSection
	GlobalSection(SolutionProperties) = preSolution
		HideSolutionNode = FALSE
	EndGlobalSection
	GlobalSection(ExtensibilityGlobals) = postSolution
		SolutionGuid = {4BDE3FE4-2F9B-410B-B85B-9C4B8D9868EE}
	EndGlobalSection
EndGlobal
