
Microsoft Visual Studio Solution File, Format Version 12.00
# Visual Studio Version 17
VisualStudioVersion = 17.5.33530.505
MinimumVisualStudioVersion = 10.0.40219.1
Project("{9A19103F-16F7-4668-BE54-9A1E7A4F7556}") = "Homework OOP on the .NET platform", "Homework OOP on the .NET platform.csproj", "{09A4645A-91AB-44A5-A010-EB42E717B782}"
EndProject
Global
	GlobalSection(SolutionConfigurationPlatforms) = preSolution
		Debug|Any CPU = Debug|Any CPU
		Release|Any CPU = Release|Any CPU
	EndGlobalSection
	GlobalSection(ProjectConfigurationPlatforms) = postSolution
		{09A4645A-91AB-44A5-A010-EB42E717B782}.Debug|Any CPU.ActiveCfg = Debug|Any CPU
		{09A4645A-91AB-44A5-A010-EB42E717B782}.Debug|Any CPU.Build.0 = Debug|Any CPU
		{09A4645A-91AB-44A5-A010-EB42E717B782}.Release|Any CPU.ActiveCfg = Release|Any CPU
		{09A4645A-91AB-44A5-A010-EB42E717B782}.Release|Any CPU.Build.0 = Release|Any CPU
	EndGlobalSection
	GlobalSection(SolutionProperties) = preSolution
		HideSolutionNode = FALSE
	EndGlobalSection
	GlobalSection(ExtensibilityGlobals) = postSolution
		SolutionGuid = {B0BF3251-5400-499D-AA44-95E286E32FCF}
	EndGlobalSection
EndGlobal
